# THIS IS AN AUTOGENERATED FILE. DO NOT EDIT THIS FILE DIRECTLY.
# yarn lockfile v1


"@types/node@^18.7.14":
  version "18.7.14"
  resolved "https://registry.yarnpkg.com/@types/node/-/node-18.7.14.tgz#0fe081752a3333392d00586d815485a17c2cf3c9"
  integrity sha512-6bbDaETVi8oyIARulOE9qF1/Qdi/23z6emrUh0fNJRUmjznqrixD4MpGDdgOFk5Xb0m2H6Xu42JGdvAxaJR/wA==

"@types/prop-types@*":
  version "15.5.8"
  resolved "https://registry.yarnpkg.com/@types/prop-types/-/prop-types-15.5.8.tgz#8ae4e0ea205fe95c3901a5a1df7f66495e3a56ce"
  integrity sha512-3AQoUxQcQtLHsK25wtTWIoIpgYjH3vSDroZOUr7PpCHw/jLY1RB9z9E8dBT/OSmwStVgkRNvdh+ZHNiomRieaw==

"@types/react-dom@^18.0.1":
  version "18.0.6"
  resolved "https://registry.yarnpkg.com/@types/react-dom/-/react-dom-18.0.6.tgz#36652900024842b74607a17786b6662dd1e103a1"
  integrity sha512-/5OFZgfIPSwy+YuIBP/FgJnQnsxhZhjjrnxudMddeblOouIodEQ75X14Rr4wGSG/bknL+Omy9iWlLo1u/9GzAA==
  dependencies:
    "@types/react" "*"

"@types/react@*":
  version "16.7.18"
  resolved "https://registry.yarnpkg.com/@types/react/-/react-16.7.18.tgz#f4ce0d539a893dd61e36cd11ae3a5e54f5a48337"
  integrity sha512-Tx4uu3ppK53/iHk6VpamMP3f3ahfDLEVt3ZQc8TFm30a1H3v9lMsCntBREswZIW/SKrvJjkb3Hq8UwO6GREBng==
  dependencies:
    "@types/prop-types" "*"
    csstype "^2.2.0"

"@types/react@^18.0.5":
  version "18.0.18"
  resolved "https://registry.yarnpkg.com/@types/react/-/react-18.0.18.tgz#9f16f33d57bc5d9dca848d12c3572110ff9429ac"
  integrity sha512-6hI08umYs6NaiHFEEGioXnxJ+oEhY3eRz8VCUaudZmGdtvPviCJB8mgaMxaDWAdPSYd4eFavrPk2QIolwbLYrg==
  dependencies:
    "@types/prop-types" "*"
    "@types/scheduler" "*"
    csstype "^3.0.2"

"@types/scheduler@*":
  version "0.16.2"
  resolved "https://registry.yarnpkg.com/@types/scheduler/-/scheduler-0.16.2.tgz#1a62f89525723dde24ba1b01b092bf5df8ad4d39"
  integrity sha512-hppQEBDmlwhFAXKJX2KnWLYu5yMfi91yazPb2l+lbJiwW+wdo1gNeRA+3RgNSO39WYX2euey41KEwnqesU2Jew==

csstype@^2.2.0:
  version "2.6.0"
  resolved "https://registry.yarnpkg.com/csstype/-/csstype-2.6.0.tgz#6cf7b2fa7fc32aab3d746802c244d4eda71371a2"
  integrity sha512-by8hi8BlLbowQq0qtkx54d9aN73R9oUW20HISpka5kmgsR9F7nnxgfsemuR2sdCKZh+CDNf5egW9UZMm4mgJRg==

csstype@^3.0.2:
  version "3.1.0"
  resolved "https://registry.yarnpkg.com/csstype/-/csstype-3.1.0.tgz#4ddcac3718d787cf9df0d1b7d15033925c8f29f2"
  integrity sha512-uX1KG+x9h5hIJsaKR9xHUeUraxf8IODOwq9JLNPq6BwB04a/xgpq3rcx47l5BZu5zBPlgD342tdke3Hom/nJRA==

"js-tokens@^3.0.0 || ^4.0.0":
  version "4.0.0"
  resolved "https://registry.yarnpkg.com/js-tokens/-/js-tokens-4.0.0.tgz#19203fb59991df98e3a287050d4647cdeaf32499"
  integrity sha512-RdJUflcE3cUzKiMqQgsCu06FPu9UdIJO0beYbPhHN4k6apgJtifcoCtT9bcxOpYBtpD2kCM6Sbzg4CausW/PKQ==

loose-envify@^1.1.0:
  version "1.4.0"
  resolved "https://registry.yarnpkg.com/loose-envify/-/loose-envify-1.4.0.tgz#71ee51fa7be4caec1a63839f7e682d8132d30caf"
  integrity sha512-lyuxPGr/Wfhrlem2CL/UcnUc1zcqKAImBDzukY7Y5F/yQiNdko6+fRLevlw1HgMySw7f611UIY408EtxRSoK3Q==
  dependencies:
    js-tokens "^3.0.0 || ^4.0.0"

react-dom@^18.0.0:
  version "18.2.0"
  resolved "https://registry.yarnpkg.com/react-dom/-/react-dom-18.2.0.tgz#22aaf38708db2674ed9ada224ca4aa708d821e3d"
  integrity sha512-6IMTriUmvsjHUjNtEDudZfuDQUoWXVxKHhlEGSk81n4YFS+r/Kl99wXiwlVXtPBtJenozv2P+hxDsw9eA7Xo6g==
  dependencies:
    loose-envify "^1.1.0"
    scheduler "^0.23.0"

react@^18.0.0:
  version "18.2.0"
  resolved "https://registry.yarnpkg.com/react/-/react-18.2.0.tgz#555bd98592883255fa00de14f1151a917b5d77d5"
  integrity sha512-/3IjMdb2L9QbBdWiW5e3P2/npwMBaU9mHCSCUzNln0ZCYbcfTsGbTJrU/kGemdH2IWmB2ioZ+zkxtmq6g09fGQ==
  dependencies:
    loose-envify "^1.1.0"

scheduler@^0.23.0:
  version "0.23.0"
  resolved "https://registry.yarnpkg.com/scheduler/-/scheduler-0.23.0.tgz#ba8041afc3d30eb206a487b6b384002e4e61fdfe"
  integrity sha512-CtuThmgHNg7zIZWAXi3AsyIzA3n4xx7aNyjwC2VJldO2LMVDhFK+63xGqq6CsJH4rTAt6/M+N4GhZiDYPx9eUw==
  dependencies:
    loose-envify "^1.1.0"
